
Microsoft Visual Studio Solution File, Format Version 12.00
# Visual Studio 14
VisualStudioVersion = 14.0.25420.1
MinimumVisualStudioVersion = 10.0.40219.1
Project("{FAE04EC0-301F-11D3-BF4B-00C04F79EFBC}") = "Nasa.MissionControl", "Nasa.MissionControl\Nasa.MissionControl.csproj", "{84880307-D2FC-4687-89E2-81BBF0F94F42}"
EndProject
Project("{FAE04EC0-301F-11D3-BF4B-00C04F79EFBC}") = "Nasa.MissionControlTests", "Nasa.MissionControlTests\Nasa.MissionControlTests.csproj", "{788CB0A5-82A6-463B-897E-058FF7EED2BE}"
EndProject
Global
	GlobalSection(SolutionConfigurationPlatforms) = preSolution
		Debug|Any CPU = Debug|Any CPU
		Release|Any CPU = Release|Any CPU
	EndGlobalSection
	GlobalSection(ProjectConfigurationPlatforms) = postSolution
		{84880307-D2FC-4687-89E2-81BBF0F94F42}.Debug|Any CPU.ActiveCfg = Debug|Any CPU
		{84880307-D2FC-4687-89E2-81BBF0F94F42}.Debug|Any CPU.Build.0 = Debug|Any CPU
		{84880307-D2FC-4687-89E2-81BBF0F94F42}.Release|Any CPU.ActiveCfg = Release|Any CPU
		{84880307-D2FC-4687-89E2-81BBF0F94F42}.Release|Any CPU.Build.0 = Release|Any CPU
		{788CB0A5-82A6-463B-897E-058FF7EED2BE}.Debug|Any CPU.ActiveCfg = Debug|Any CPU
		{788CB0A5-82A6-463B-897E-058FF7EED2BE}.Debug|Any CPU.Build.0 = Debug|Any CPU
		{788CB0A5-82A6-463B-897E-058FF7EED2BE}.Release|Any CPU.ActiveCfg = Release|Any CPU
		{788CB0A5-82A6-463B-897E-058FF7EED2BE}.Release|Any CPU.Build.0 = Release|Any CPU
	EndGlobalSection
	GlobalSection(SolutionProperties) = preSolution
		HideSolutionNode = FALSE
	EndGlobalSection
EndGlobal
